<?xml version="1.0" encoding="utf-8"?>
<Project ToolsVersion="4.0" xmlns="http://schemas.microsoft.com/developer/msbuild/2003">
  <ItemGroup>
    <FxCompile Include="Resources\Shader\Object2d.PS.hlsl">
      <Filter>Resource</Filter>
    </FxCompile>
    <FxCompile Include="Resources\Shader\Object2d.VS.hlsl">
      <Filter>Resource</Filter>
    </FxCompile>
    <FxCompile Include="Object3d.PS.hlsl">
      <Filter>Resource</Filter>
    </FxCompile>
    <FxCompile Include="Object3d.VS.hlsl">
      <Filter>Resource</Filter>
    </FxCompile>
  </ItemGroup>
  <ItemGroup>
    <ClCompile Include="main.cpp" />
    <ClCompile Include="Ellysia\Audio\Audio.cpp">
      <Filter>Ellisia\Audio</Filter>
    </ClCompile>
    <ClCompile Include="Ellysia\Camera\Camera.cpp">
      <Filter>Ellisia\Camera</Filter>
    </ClCompile>
    <ClCompile Include="Project\CollisionManager\CollisionManager.cpp">
      <Filter>Object\CollisionManager</Filter>
    </ClCompile>
    <ClCompile Include="Ellysia\ConvertFunction\ConvertColor\ColorConvert.cpp">
      <Filter>Ellisia\Color</Filter>
    </ClCompile>
    <ClCompile Include="Ellysia\ConvertFunction\CompileShader\CompileShaderManager.cpp">
      <Filter>Ellisia\CompilerShadermanager</Filter>
    </ClCompile>
    <ClCompile Include="Ellysia\Polygon\Model\DirectionalLight\CreateDirectionalLight.cpp">
      <Filter>Ellisia\Polygone\Model</Filter>
    </ClCompile>
    <ClCompile Include="Ellysia\Polygon\Model\Material\CreateMaterial.cpp">
      <Filter>Ellisia\Polygone\Model</Filter>
    </ClCompile>
    <ClCompile Include="Ellysia\DebugCamera\DebugCamera.cpp">
      <Filter>Ellisia\Camera</Filter>
    </ClCompile>
    <ClCompile Include="Ellysia\Common\DirectX\DirectXSetup.cpp">
      <Filter>Ellisia\Common</Filter>
    </ClCompile>
    <ClCompile Include="Project\AllGameScene\GameManager\GameManager.cpp">
      <Filter>GameManager</Filter>
    </ClCompile>
    <ClCompile Include="Ellysia\externals\imGui\imgui.cpp">
      <Filter>ImGui</Filter>
    </ClCompile>
    <ClCompile Include="Ellysia\externals\imGui\imgui_demo.cpp">
      <Filter>ImGui</Filter>
    </ClCompile>
    <ClCompile Include="Ellysia\externals\imGui\imgui_draw.cpp">
      <Filter>ImGui</Filter>
    </ClCompile>
    <ClCompile Include="Ellysia\externals\imGui\imgui_impl_dx12.cpp">
      <Filter>ImGui</Filter>
    </ClCompile>
    <ClCompile Include="Ellysia\externals\imGui\imgui_impl_win32.cpp">
      <Filter>ImGui</Filter>
    </ClCompile>
    <ClCompile Include="Ellysia\externals\imGui\imgui_tables.cpp">
      <Filter>ImGui</Filter>
    </ClCompile>
    <ClCompile Include="Ellysia\externals\imGui\imgui_widgets.cpp">
      <Filter>ImGui</Filter>
    </ClCompile>
    <ClCompile Include="Ellysia\ImGuiManager\ImGuiManager.cpp">
      <Filter>ImGui\manager</Filter>
    </ClCompile>
    <ClCompile Include="Ellysia\Input\Input.cpp">
      <Filter>Ellisia\Input</Filter>
    </ClCompile>
    <ClCompile Include="Ellysia\ConvertFunction\ConvertLog\LogConvert.cpp">
      <Filter>Ellisia\Convert</Filter>
    </ClCompile>
    <ClCompile Include="Ellysia\Polygon\Model\Model.cpp">
      <Filter>Ellisia\Polygone\Model</Filter>
    </ClCompile>
    <ClCompile Include="Project\Object\Corn\Corn.cpp">
      <Filter>Object\Corn</Filter>
    </ClCompile>
    <ClCompile Include="Project\Object\Enemy\Enemy.cpp">
      <Filter>Object\Enemy</Filter>
    </ClCompile>
    <ClCompile Include="Project\Object\Lamp\Lamp.cpp">
      <Filter>Object\Lamp</Filter>
    </ClCompile>
    <ClCompile Include="Project\Object\Oven\Oven.cpp">
      <Filter>Object\Popcorn\Oven</Filter>
    </ClCompile>
    <ClCompile Include="Project\Object\Player\Player.cpp">
      <Filter>Object\Player</Filter>
    </ClCompile>
    <ClCompile Include="Project\AllGameScene\Game\GameScene.cpp">
      <Filter>GameManager\Scene\Game</Filter>
    </ClCompile>
    <ClCompile Include="Project\AllGameScene\Select\SelectScene.cpp">
      <Filter>GameManager\Scene\Select</Filter>
    </ClCompile>
    <ClCompile Include="Project\AllGameScene\SampleScene\SampleScene.cpp">
      <Filter>GameManager\Scene\Sample</Filter>
    </ClCompile>
    <ClCompile Include="Project\AllGameScene\Result\ResultScene.cpp">
      <Filter>GameManager\Scene\Result</Filter>
    </ClCompile>
    <ClCompile Include="Project\AllGameScene\Result\Lose\LoseScene.cpp">
      <Filter>GameManager\Scene\Lose</Filter>
    </ClCompile>
    <ClCompile Include="Ellysia\Polygon\Sprite\Sprite.cpp">
      <Filter>Ellisia\Polygone\Sprite</Filter>
    </ClCompile>
    <ClCompile Include="Ellysia\TextureManager\TextureManager.cpp">
      <Filter>Ellisia\TextureManager</Filter>
    </ClCompile>
    <ClCompile Include="Ellysia\PipelineManager\PipelineManager.cpp">
      <Filter>Ellisia\PipelineManager</Filter>
    </ClCompile>
    <ClCompile Include="Ellysia\Polygon\Triangle\Triangle.cpp">
      <Filter>Ellisia\Polygone\Triangle</Filter>
    </ClCompile>
    <ClCompile Include="Ellysia\Polygon\Model\Transformation\Transformation.cpp">
      <Filter>Ellisia\Polygone\Model</Filter>
    </ClCompile>
    <ClCompile Include="Ellysia\ViewProjection\ViewProjection.cpp">
      <Filter>Ellisia\Math</Filter>
    </ClCompile>
    <ClCompile Include="Ellysia\Math\Matrix\Calculation\Matrix4x4Calculation.cpp">
      <Filter>Ellisia\Math\Matrix</Filter>
    </ClCompile>
    <ClCompile Include="Ellysia\WorldTransform\WorldTransform.cpp">
      <Filter>Ellisia\Math</Filter>
    </ClCompile>
    <ClCompile Include="Ellysia\Math\Vector\Calculation\VectorCalculation.cpp">
      <Filter>Ellisia\Math\Vector</Filter>
    </ClCompile>
    <ClCompile Include="Ellysia\Common\Windows\WinApp.cpp">
      <Filter>Ellisia\Common\Win</Filter>
    </ClCompile>
    <ClCompile Include="Ellysia\Polygon\Model\Mesh\Mesh.cpp">
      <Filter>Ellisia\Polygone\Model</Filter>
    </ClCompile>
    <ClCompile Include="Project\AllGameScene\Title\TitleScene.cpp">
      <Filter>GameManager\Scene\Title</Filter>
    </ClCompile>
    <ClCompile Include="Project\AllGameScene\Result\Win\WinScene.cpp">
      <Filter>GameManager\Scene\Win</Filter>
    </ClCompile>
    <ClCompile Include="Project\Object\SamplePlayer\SamplePlayer.cpp">
      <Filter>Object\SamplePlayer</Filter>
    </ClCompile>
    <ClCompile Include="Project\Object\Popcorn\Popcorn.cpp">
      <Filter>Object\Popcorn</Filter>
    </ClCompile>
  </ItemGroup>
  <ItemGroup>
    <ClInclude Include="Ellysia\Audio\Audio.h">
      <Filter>Ellisia\Audio</Filter>
    </ClInclude>
    <ClInclude Include="Ellysia\Audio\ChunkHeader\ChunkHeader.h">
      <Filter>Ellisia\Audio</Filter>
    </ClInclude>
    <ClInclude Include="Ellysia\Blend\BlendMode.h">
      <Filter>Ellisia\Blend</Filter>
    </ClInclude>
    <ClInclude Include="Ellysia\Camera\Camera.h">
      <Filter>Ellisia\Camera</Filter>
    </ClInclude>
    <ClInclude Include="Project\CollisionManager\CollisionManager.h">
      <Filter>Object\CollisionManager</Filter>
    </ClInclude>
    <ClInclude Include="Ellysia\ConvertFunction\ConvertColor\ColorConvert.h">
      <Filter>Ellisia\Color</Filter>
    </ClInclude>
    <ClInclude Include="Ellysia\ConvertFunction\CompileShader\CompileShaderManager.h">
      <Filter>Ellisia\CompilerShadermanager</Filter>
    </ClInclude>
    <ClInclude Include="Ellysia\Polygon\Model\DirectionalLight\CreateDirectionalLight.h">
      <Filter>Ellisia\Polygone\Model</Filter>
    </ClInclude>
    <ClInclude Include="Ellysia\Polygon\Model\Material\CreateMaterial.h">
      <Filter>Ellisia\Polygone\Model</Filter>
    </ClInclude>
    <ClInclude Include="Ellysia\DebugCamera\DebugCamera.h">
      <Filter>Ellisia\Camera</Filter>
    </ClInclude>
    <ClInclude Include="Ellysia\Math\Vector\DirectionalLight.h">
      <Filter>Ellisia\Polygone\Model</Filter>
    </ClInclude>
    <ClInclude Include="Ellysia\Common\DirectX\DirectXSetup.h">
      <Filter>Ellisia\Common</Filter>
    </ClInclude>
    <ClInclude Include="Ellysia\Audio\FormatChunk\FormatChunk.h">
      <Filter>Ellisia\Audio</Filter>
    </ClInclude>
    <ClInclude Include="Project\AllGameScene\GameManager\GameManager.h">
      <Filter>GameManager</Filter>
    </ClInclude>
    <ClInclude Include="Project\AllGameScene\GameManager\IGameScene.h">
      <Filter>GameManager\Scene</Filter>
    </ClInclude>
    <ClInclude Include="Ellysia\externals\imGui\imconfig.h">
      <Filter>ImGui</Filter>
    </ClInclude>
    <ClInclude Include="Ellysia\externals\imGui\imgui.h">
      <Filter>ImGui</Filter>
    </ClInclude>
    <ClInclude Include="Ellysia\externals\imGui\imgui_impl_dx12.h">
      <Filter>ImGui</Filter>
    </ClInclude>
    <ClInclude Include="Ellysia\externals\imGui\imgui_impl_win32.h">
      <Filter>ImGui</Filter>
    </ClInclude>
    <ClInclude Include="Ellysia\externals\imGui\imgui_internal.h">
      <Filter>ImGui</Filter>
    </ClInclude>
    <ClInclude Include="Ellysia\ImGuiManager\ImGuiManager.h">
      <Filter>ImGui\manager</Filter>
    </ClInclude>
    <ClInclude Include="Ellysia\externals\imGui\imstb_rectpack.h">
      <Filter>ImGui</Filter>
    </ClInclude>
    <ClInclude Include="Ellysia\externals\imGui\imstb_textedit.h">
      <Filter>ImGui</Filter>
    </ClInclude>
    <ClInclude Include="Ellysia\externals\imGui\imstb_truetype.h">
      <Filter>ImGui</Filter>
    </ClInclude>
    <ClInclude Include="Ellysia\Math\Vector\Material.h">
      <Filter>Ellisia\Polygone\Model</Filter>
    </ClInclude>
    <ClInclude Include="Ellysia\Input\Input.h">
      <Filter>Ellisia\Input</Filter>
    </ClInclude>
    <ClInclude Include="Ellysia\ConvertFunction\ConvertLog\LogConvert.h">
      <Filter>Ellisia\Convert</Filter>
    </ClInclude>
    <ClInclude Include="Ellysia\Polygon\Model\Mesh\Mesh.h">
      <Filter>Ellisia\Polygone\Model</Filter>
    </ClInclude>
    <ClInclude Include="Ellysia\Polygon\Model\Model.h">
      <Filter>Ellisia\Polygone\Model</Filter>
    </ClInclude>
    <ClInclude Include="Ellysia\Polygon\Model\ModelData\ModelData.h">
      <Filter>Ellisia\Polygone\Model</Filter>
    </ClInclude>
    <ClInclude Include="Ellysia\Input\Mouse\MouseInformation.h">
      <Filter>Ellisia\Input</Filter>
    </ClInclude>
    <ClInclude Include="Project\Object\Corn\Corn.h">
      <Filter>Object\Corn</Filter>
    </ClInclude>
    <ClInclude Include="Project\Object\Enemy\Enemy.h">
      <Filter>Object\Enemy</Filter>
    </ClInclude>
    <ClInclude Include="Project\Object\Lamp\Lamp.h">
      <Filter>Object\Lamp</Filter>
    </ClInclude>
    <ClInclude Include="Project\Object\Oven\Oven.h">
      <Filter>Object\Popcorn\Oven</Filter>
    </ClInclude>
    <ClInclude Include="Project\Object\Player\Player.h">
      <Filter>Object\Player</Filter>
    </ClInclude>
    <ClInclude Include="Project\AllGameScene\Game\GameScene.h">
      <Filter>GameManager\Scene\Game</Filter>
    </ClInclude>
    <ClInclude Include="Project\Object\Popcorn\Popcorn.h">
      <Filter>Object</Filter>
    </ClInclude>
    <ClInclude Include="Project\AllGameScene\Select\SelectScene.h">
      <Filter>GameManager\Scene\Select</Filter>
    </ClInclude>
    <ClInclude Include="Project\AllGameScene\SampleScene\SampleScene.h">
      <Filter>GameManager\Scene\Sample</Filter>
    </ClInclude>
    <ClInclude Include="Project\AllGameScene\Result\ResultScene.h">
      <Filter>GameManager\Scene\Result</Filter>
    </ClInclude>
    <ClInclude Include="Project\AllGameScene\Result\Lose\LoseScene.h">
      <Filter>GameManager\Scene\Lose</Filter>
    </ClInclude>
    <ClInclude Include="Ellysia\Math\Vector\SphereStruct.h">
      <Filter>Ellisia\Polygone\Sphere</Filter>
    </ClInclude>
    <ClInclude Include="Ellysia\Polygon\Sprite\Sprite.h">
      <Filter>Ellisia\Polygone\Sprite</Filter>
    </ClInclude>
    <ClInclude Include="Ellysia\TextureManager\TextureManager.h">
      <Filter>Ellisia\TextureManager</Filter>
    </ClInclude>
    <ClInclude Include="Ellysia\Audio\RiffHeader\RiffHeader.h">
      <Filter>Ellisia\Audio</Filter>
    </ClInclude>
    <ClInclude Include="Ellysia\Audio\SoundData\SoundData.h">
      <Filter>Ellisia\Audio</Filter>
    </ClInclude>
    <ClInclude Include="Ellysia\PipelineManager\PipelineManager.h">
      <Filter>Ellisia\PipelineManager</Filter>
    </ClInclude>
    <ClInclude Include="Ellysia\Polygon\Model\MaterialData\MaterialData.h">
      <Filter>Ellisia\Polygone\Model</Filter>
    </ClInclude>
    <ClInclude Include="Ellysia\Polygon\Triangle\Triangle.h">
      <Filter>Ellisia\Polygone\Triangle</Filter>
    </ClInclude>
    <ClInclude Include="Ellysia\Polygon\Model\Transformation\Transformation.h">
      <Filter>Ellisia\Polygone\Model</Filter>
    </ClInclude>
    <ClInclude Include="Ellysia\ViewProjection\ViewProjection.h">
      <Filter>Ellisia\Math</Filter>
    </ClInclude>
    <ClInclude Include="Ellysia\Math\Matrix\Matrix\Matrix3x3.h">
      <Filter>Ellisia\Math\Matrix</Filter>
    </ClInclude>
    <ClInclude Include="Ellysia\Math\Matrix\Matrix\Matrix4x4.h">
      <Filter>Ellisia\Math\Matrix</Filter>
    </ClInclude>
    <ClInclude Include="Ellysia\Math\Matrix\Calculation\Matrix4x4Calculation.h">
      <Filter>Ellisia\Math\Matrix</Filter>
    </ClInclude>
    <ClInclude Include="Ellysia\WorldTransform\WorldTransform.h">
      <Filter>Ellisia\Math</Filter>
    </ClInclude>
    <ClInclude Include="Ellysia\Math\Vector\Vector2.h">
      <Filter>Ellisia\Math\Vector</Filter>
    </ClInclude>
    <ClInclude Include="Ellysia\Math\Vector\Vector3.h">
      <Filter>Ellisia\Math\Vector</Filter>
    </ClInclude>
    <ClInclude Include="Ellysia\Math\Vector\Vector4.h">
      <Filter>Ellisia\Math\Vector</Filter>
    </ClInclude>
    <ClInclude Include="Ellysia\Math\Matrix\Matrix\TransformationMatrix.h">
      <Filter>Ellisia\Math\Vector</Filter>
    </ClInclude>
    <ClInclude Include="Ellysia\Math\Vector\Calculation\VectorCalculation.h">
      <Filter>Ellisia\Math\Vector</Filter>
    </ClInclude>
    <ClInclude Include="Ellysia\Math\Matrix\Matrix\WorldViewMatrix.h">
      <Filter>Ellisia\Math\Matrix</Filter>
    </ClInclude>
    <ClInclude Include="Ellysia\Math\Vector\VertexData.h">
      <Filter>Ellisia\Math\Vector</Filter>
    </ClInclude>
    <ClInclude Include="Ellysia\Math\Vector\Transform.h">
      <Filter>Ellisia\Math\Vector</Filter>
    </ClInclude>
    <ClInclude Include="Ellysia\Common\Windows\WinApp.h">
      <Filter>Ellisia\Common\Win</Filter>
    </ClInclude>
    <ClInclude Include="Project\AllGameScene\Title\TitleScene.h">
      <Filter>GameManager\Scene\Title</Filter>
    </ClInclude>
    <ClInclude Include="Project\AllGameScene\Result\Win\WinScene.h">
      <Filter>GameManager\Scene\Win</Filter>
    </ClInclude>
    <ClInclude Include="Project\Object\SamplePlayer\SamplePlayer.h">
      <Filter>Object\SamplePlayer</Filter>
    </ClInclude>
  </ItemGroup>
  <ItemGroup>
    <None Include="Resources\Shader\Object2d.hlsli">
      <Filter>Resource</Filter>
    </None>
    <None Include="Object3d.hlsli">
      <Filter>Resource</Filter>
    </None>
  </ItemGroup>
  <ItemGroup>
    <Filter Include="Object">
      <UniqueIdentifier>{2c2a893e-acb0-4463-a8b1-83f28ad7dc91}</UniqueIdentifier>
    </Filter>
    <Filter Include="Object\CollisionManager">
      <UniqueIdentifier>{c201cfcf-8d40-47ab-a697-9022d8420d0e}</UniqueIdentifier>
    </Filter>
    <Filter Include="GameManager">
      <UniqueIdentifier>{f327e01c-515d-43d0-a8e1-f12dd5ce6b14}</UniqueIdentifier>
    </Filter>
    <Filter Include="GameManager\Scene">
      <UniqueIdentifier>{6afa98da-cbad-413f-8158-7af937410b0a}</UniqueIdentifier>
    </Filter>
    <Filter Include="Resource">
      <UniqueIdentifier>{70d5f17d-c8a8-4982-90f7-770f96f1bc57}</UniqueIdentifier>
    </Filter>
    <Filter Include="Ellisia">
      <UniqueIdentifier>{16dba923-9280-4e51-8997-caae6af38233}</UniqueIdentifier>
    </Filter>
    <Filter Include="Ellisia\Audio">
      <UniqueIdentifier>{fa49ef14-7030-4aad-a221-137dbd104884}</UniqueIdentifier>
    </Filter>
    <Filter Include="Ellisia\Blend">
      <UniqueIdentifier>{92fb01df-dbeb-4372-a2d0-5f124ac857d5}</UniqueIdentifier>
    </Filter>
    <Filter Include="Ellisia\Camera">
      <UniqueIdentifier>{ee82cadb-af73-40bd-a7e8-4062c3869e7e}</UniqueIdentifier>
    </Filter>
    <Filter Include="Ellisia\Color">
      <UniqueIdentifier>{b75bef32-ded3-43ab-acc3-53e716a78f89}</UniqueIdentifier>
    </Filter>
    <Filter Include="Ellisia\CompilerShadermanager">
      <UniqueIdentifier>{a24a80ea-bd79-48aa-a2dd-2e83845febcf}</UniqueIdentifier>
    </Filter>
    <Filter Include="Ellisia\Common">
      <UniqueIdentifier>{a565e628-97f8-4355-a2df-7a87a1b29303}</UniqueIdentifier>
    </Filter>
    <Filter Include="Ellisia\Input">
      <UniqueIdentifier>{6326c389-764a-4882-b352-358bee75e1fa}</UniqueIdentifier>
    </Filter>
    <Filter Include="Ellisia\Convert">
      <UniqueIdentifier>{ec673244-e721-47b6-9cf8-391897f5882e}</UniqueIdentifier>
    </Filter>
    <Filter Include="Ellisia\Math">
      <UniqueIdentifier>{56c2a375-2692-4c6c-b226-38fc861d3957}</UniqueIdentifier>
    </Filter>
    <Filter Include="Object\Corn">
      <UniqueIdentifier>{5cb417d5-df0e-40e8-88f4-e02f59e10ddc}</UniqueIdentifier>
    </Filter>
    <Filter Include="Object\Enemy">
      <UniqueIdentifier>{19364b64-b446-4df4-b0fe-ff7363b26729}</UniqueIdentifier>
    </Filter>
    <Filter Include="Object\Lamp">
      <UniqueIdentifier>{9ebebb85-0be8-4859-a759-0a3eeb65db65}</UniqueIdentifier>
    </Filter>
    <Filter Include="Object\Player">
      <UniqueIdentifier>{97201df3-f748-439e-9538-3b3df55d277d}</UniqueIdentifier>
    </Filter>
    <Filter Include="GameManager\Scene\Game">
      <UniqueIdentifier>{62be90f4-fdba-42ad-a3d9-993e962e909b}</UniqueIdentifier>
    </Filter>
    <Filter Include="GameManager\Scene\Select">
      <UniqueIdentifier>{9357f2a7-6bda-4fa2-bb99-f955ac7e61a1}</UniqueIdentifier>
    </Filter>
    <Filter Include="GameManager\Scene\Sample">
      <UniqueIdentifier>{9dd7d5a5-08eb-429a-9554-7e652ebf691d}</UniqueIdentifier>
    </Filter>
    <Filter Include="GameManager\Scene\Result">
      <UniqueIdentifier>{7d9b223c-0333-4943-8af0-249e17820d8e}</UniqueIdentifier>
    </Filter>
    <Filter Include="GameManager\Scene\Lose">
      <UniqueIdentifier>{4acb8113-b106-4c01-af52-26839d3251b0}</UniqueIdentifier>
    </Filter>
    <Filter Include="Ellisia\TextureManager">
      <UniqueIdentifier>{22905170-05fc-4cf2-8c05-c1963b778da6}</UniqueIdentifier>
    </Filter>
    <Filter Include="Ellisia\PipelineManager">
      <UniqueIdentifier>{d270c154-4269-434b-b232-1f1ab123c609}</UniqueIdentifier>
    </Filter>
    <Filter Include="Ellisia\Polygone">
      <UniqueIdentifier>{af5e10dd-35d8-4953-a99f-9834937eed50}</UniqueIdentifier>
    </Filter>
    <Filter Include="Ellisia\Polygone\Sphere">
      <UniqueIdentifier>{5bf3cd63-5148-40b4-81c7-40858af28d5e}</UniqueIdentifier>
    </Filter>
    <Filter Include="Ellisia\Polygone\Sprite">
      <UniqueIdentifier>{b9ec1906-dfa6-44b6-b2fa-23b5e99d9cfb}</UniqueIdentifier>
    </Filter>
    <Filter Include="Ellisia\Polygone\Model">
      <UniqueIdentifier>{c5ba2779-fd32-4ba2-8615-dd3969fe56e4}</UniqueIdentifier>
    </Filter>
    <Filter Include="Ellisia\Polygone\Triangle">
      <UniqueIdentifier>{fb551f25-118f-41c0-ace3-a956c69ee4cf}</UniqueIdentifier>
    </Filter>
    <Filter Include="Ellisia\Math\Matrix">
      <UniqueIdentifier>{a2e110d0-8fd9-4625-b585-eef1de0e6171}</UniqueIdentifier>
    </Filter>
    <Filter Include="Ellisia\Math\Vector">
      <UniqueIdentifier>{d9d77ee4-c223-45e4-a191-c96a14f65907}</UniqueIdentifier>
    </Filter>
    <Filter Include="Ellisia\Common\Win">
      <UniqueIdentifier>{09954813-2104-4942-b9a3-119102f85a6f}</UniqueIdentifier>
    </Filter>
    <Filter Include="ImGui">
      <UniqueIdentifier>{d747a006-c67a-467c-a524-ba0cba7f6274}</UniqueIdentifier>
    </Filter>
    <Filter Include="ImGui\manager">
      <UniqueIdentifier>{53fd4ae3-b1e8-4c24-b084-19f5e1180664}</UniqueIdentifier>
    </Filter>
    <Filter Include="GameManager\Scene\Title">
      <UniqueIdentifier>{302587c3-7722-42f3-a2f4-0a193e698e17}</UniqueIdentifier>
    </Filter>
    <Filter Include="GameManager\Scene\Win">
      <UniqueIdentifier>{30d1b818-1f38-446e-9ee5-531d8609d507}</UniqueIdentifier>
    </Filter>
    <Filter Include="Object\SamplePlayer">
      <UniqueIdentifier>{db195171-ebc6-49f7-984d-c9fe5571bbe0}</UniqueIdentifier>
    </Filter>
    <Filter Include="Object\Popcorn">
      <UniqueIdentifier>{0a949aaa-b23d-47c4-afcd-b42b791ff582}</UniqueIdentifier>
    </Filter>
    <Filter Include="Object\Popcorn\Oven">
      <UniqueIdentifier>{7254496d-a4cc-47c6-8047-789b5df3a57c}</UniqueIdentifier>
    </Filter>
  </ItemGroup>
  <ItemGroup>
    <Text Include="Ellysia\externals\imGui\LICENSE.txt">
      <Filter>ImGui</Filter>
    </Text>
  </ItemGroup>
</Project>