<?xml version="1.0" encoding="utf-8"?>
<Project ToolsVersion="4.0" xmlns="http://schemas.microsoft.com/developer/msbuild/2003">
  <ItemGroup>
    <Filter Include="ソース ファイル">
      <UniqueIdentifier>{4FC737F1-C7A5-4376-A066-2A32D752A2FF}</UniqueIdentifier>
      <Extensions>cpp;c;cc;cxx;c++;cppm;ixx;def;odl;idl;hpj;bat;asm;asmx</Extensions>
    </Filter>
    <Filter Include="ヘッダー ファイル">
      <UniqueIdentifier>{93995380-89BD-4b04-88EB-625FBE52EBFB}</UniqueIdentifier>
      <Extensions>h;hh;hpp;hxx;h++;hm;inl;inc;ipp;xsd</Extensions>
    </Filter>
    <Filter Include="リソース ファイル">
      <UniqueIdentifier>{67DA6AB6-F800-4c08-8B7A-83BB121AAD01}</UniqueIdentifier>
      <Extensions>rc;ico;cur;bmp;dlg;rc2;rct;bin;rgs;gif;jpg;jpeg;jpe;resx;tiff;tif;png;wav;mfcribbon-ms</Extensions>
    </Filter>
    <Filter Include="imgui">
      <UniqueIdentifier>{26a1d75c-68f5-48de-a7b5-c1eb6ab5e24a}</UniqueIdentifier>
    </Filter>
    <Filter Include="ソース ファイル\Common">
      <UniqueIdentifier>{07c0a95e-6a93-4df8-8d44-8e73f10e1ea2}</UniqueIdentifier>
    </Filter>
    <Filter Include="ヘッダー ファイル\Common">
      <UniqueIdentifier>{489343cf-64f2-4e1a-99e3-9a53fd5598b4}</UniqueIdentifier>
    </Filter>
    <Filter Include="ソース ファイル\Math">
      <UniqueIdentifier>{06a9a389-3fa9-4add-ab75-e624db9a3dd9}</UniqueIdentifier>
    </Filter>
    <Filter Include="ヘッダー ファイル\Math">
      <UniqueIdentifier>{b543a5c7-1ed6-4ca8-ac06-3165a71162a0}</UniqueIdentifier>
    </Filter>
    <Filter Include="ヘッダー ファイル\Math\Vector">
      <UniqueIdentifier>{aaf74c02-09fc-4fb3-8841-c46e52af7448}</UniqueIdentifier>
    </Filter>
    <Filter Include="ヘッダー ファイル\Math\Matrix">
      <UniqueIdentifier>{979fd626-d0ee-4f17-8e46-8c4d9e8a2bb9}</UniqueIdentifier>
    </Filter>
    <Filter Include="ヘッダー ファイル\ImGui">
      <UniqueIdentifier>{14d4744c-9636-4620-8765-10b4ee6446ea}</UniqueIdentifier>
    </Filter>
    <Filter Include="ソース ファイル\ImGui">
      <UniqueIdentifier>{00ad347e-53a6-4856-9344-67a497557e0a}</UniqueIdentifier>
    </Filter>
    <Filter Include="ソース ファイル\ConvertFunction">
      <UniqueIdentifier>{5f4a72fc-e562-4946-a2ac-4329dcdc39c7}</UniqueIdentifier>
    </Filter>
    <Filter Include="ヘッダー ファイル\ConvertFunction">
      <UniqueIdentifier>{88525f3c-706e-4397-b214-f9c6099be35f}</UniqueIdentifier>
    </Filter>
    <Filter Include="ヘッダー ファイル\Polygone">
      <UniqueIdentifier>{7d6b79d6-b619-47a8-8605-e65a4fad754b}</UniqueIdentifier>
    </Filter>
    <Filter Include="ソース ファイル\Polygone">
      <UniqueIdentifier>{6a198dbf-5723-494c-be30-e68adffa3015}</UniqueIdentifier>
    </Filter>
    <Filter Include="ソース ファイル\Input">
      <UniqueIdentifier>{8654ad5d-6e38-43c8-90ef-8d93aa2c6272}</UniqueIdentifier>
    </Filter>
    <Filter Include="ヘッダー ファイル\Input">
      <UniqueIdentifier>{bd6a7a20-7921-47f1-a1ef-c5a99c26491a}</UniqueIdentifier>
    </Filter>
    <Filter Include="ヘッダー ファイル\Audio">
      <UniqueIdentifier>{38c8c39f-90cc-4b8a-99bb-e3a6cf511aa2}</UniqueIdentifier>
    </Filter>
    <Filter Include="ヘッダー ファイル\Polygone\Model">
      <UniqueIdentifier>{e5a13ab7-8f0d-4526-bba9-e90030f8a6d6}</UniqueIdentifier>
    </Filter>
    <Filter Include="ヘッダー ファイル\Pipeline">
      <UniqueIdentifier>{960690e0-f2d3-4f0a-a7e9-81f206ff3f49}</UniqueIdentifier>
    </Filter>
    <Filter Include="ヘッダー ファイル\Blend">
      <UniqueIdentifier>{41250f08-3f73-4c50-a28e-c98adcfbb3f3}</UniqueIdentifier>
    </Filter>
    <Filter Include="ソース ファイル\TextureManager">
      <UniqueIdentifier>{7cee7120-9bf3-4b3b-a93a-30c9b8710e6d}</UniqueIdentifier>
    </Filter>
    <Filter Include="ヘッダー ファイル\TextureManager">
      <UniqueIdentifier>{923fe313-40bb-48ce-aa0b-eb17ee0b5333}</UniqueIdentifier>
    </Filter>
    <Filter Include="ソース ファイル\Audio">
      <UniqueIdentifier>{4e9ce233-b84c-4858-95a3-08d752302d12}</UniqueIdentifier>
    </Filter>
    <Filter Include="ソース ファイル\Pipeline">
      <UniqueIdentifier>{dd9a03be-6394-4e47-b16e-f7b88147685e}</UniqueIdentifier>
    </Filter>
    <Filter Include="ソース ファイル\DebugCamera">
      <UniqueIdentifier>{6e47dfb1-b930-4c50-b9d8-f2c7d12decc5}</UniqueIdentifier>
    </Filter>
    <Filter Include="Project">
      <UniqueIdentifier>{160b8139-af03-4112-af3c-93a9300024ad}</UniqueIdentifier>
    </Filter>
    <Filter Include="Project\Scene">
      <UniqueIdentifier>{d9eddbfe-a4ba-4d83-abf7-e4a8b4477052}</UniqueIdentifier>
    </Filter>
    <Filter Include="Project\Scene\Game">
      <UniqueIdentifier>{2c88eadf-ea93-49e2-954d-a4fe52b33dfe}</UniqueIdentifier>
    </Filter>
    <Filter Include="Project\Scene\Title">
      <UniqueIdentifier>{cb42a54a-1dc8-444b-bfee-bcb3f0364be4}</UniqueIdentifier>
    </Filter>
    <Filter Include="Project\Scene\Result">
      <UniqueIdentifier>{53901854-2f22-4129-b4ca-998a3c6d929b}</UniqueIdentifier>
    </Filter>
    <Filter Include="Project\Scene\Sample">
      <UniqueIdentifier>{e3845ed3-b2ef-4f58-96e5-80777c1798b1}</UniqueIdentifier>
    </Filter>
    <Filter Include="Project\Gamemanager">
      <UniqueIdentifier>{6783ae0e-f5a0-4867-a365-1d65f9d0e07e}</UniqueIdentifier>
    </Filter>
  </ItemGroup>
  <ItemGroup>
    <ClCompile Include="main.cpp">
      <Filter>ソース ファイル</Filter>
    </ClCompile>
    <ClCompile Include="Ellysia\externals\imGui\imgui.cpp">
      <Filter>imgui</Filter>
    </ClCompile>
    <ClCompile Include="Ellysia\externals\imGui\imgui_demo.cpp">
      <Filter>imgui</Filter>
    </ClCompile>
    <ClCompile Include="Ellysia\externals\imGui\imgui_draw.cpp">
      <Filter>imgui</Filter>
    </ClCompile>
    <ClCompile Include="Ellysia\externals\imGui\imgui_impl_dx12.cpp">
      <Filter>imgui</Filter>
    </ClCompile>
    <ClCompile Include="Ellysia\externals\imGui\imgui_impl_win32.cpp">
      <Filter>imgui</Filter>
    </ClCompile>
    <ClCompile Include="Ellysia\externals\imGui\imgui_tables.cpp">
      <Filter>imgui</Filter>
    </ClCompile>
    <ClCompile Include="Ellysia\externals\imGui\imgui_widgets.cpp">
      <Filter>imgui</Filter>
    </ClCompile>
    <ClCompile Include="Ellysia\Math\Matrix\Calculation\Matrix4x4Calculation.cpp">
      <Filter>ソース ファイル\Math</Filter>
    </ClCompile>
    <ClCompile Include="Ellysia\ImGuiManager\ImGuiManager.cpp">
      <Filter>ソース ファイル\ImGui</Filter>
    </ClCompile>
    <ClCompile Include="Ellysia\ConvertFunction\ConvertColor\ColorConvert.cpp">
      <Filter>ソース ファイル\ConvertFunction</Filter>
    </ClCompile>
    <ClCompile Include="Ellysia\ConvertFunction\ConvertLog\LogConvert.cpp">
      <Filter>ソース ファイル\ConvertFunction</Filter>
    </ClCompile>
    <ClCompile Include="Ellysia\Math\Vector\Calculation\VectorCalculation.cpp">
      <Filter>ソース ファイル\Math</Filter>
    </ClCompile>
    <ClCompile Include="Ellysia\Polygon\Sphere\Sphere.cpp">
      <Filter>ソース ファイル\Polygone</Filter>
    </ClCompile>
    <ClCompile Include="Ellysia\Polygon\Sprite\Sprite.cpp">
      <Filter>ソース ファイル\Polygone</Filter>
    </ClCompile>
    <ClCompile Include="Ellysia\Polygon\Triangle\Triangle.cpp">
      <Filter>ソース ファイル\Polygone</Filter>
    </ClCompile>
    <ClCompile Include="Ellysia\Common\DirectX\DirectXSetup.cpp">
      <Filter>ソース ファイル\Common</Filter>
    </ClCompile>
    <ClCompile Include="Ellysia\Common\Windows\WinApp.cpp">
      <Filter>ソース ファイル\Common</Filter>
    </ClCompile>
    <ClCompile Include="Ellysia\Polygon\Model\Model.cpp">
      <Filter>ソース ファイル\Polygone</Filter>
    </ClCompile>
    <ClCompile Include="Ellysia\ConvertFunction\CompileShader\CompileShaderManager.cpp">
      <Filter>ソース ファイル\ConvertFunction</Filter>
    </ClCompile>
    <ClCompile Include="Ellysia\Input\Input.cpp">
      <Filter>ソース ファイル\Input</Filter>
    </ClCompile>
    <ClCompile Include="Ellysia\Camera\Camera.cpp">
      <Filter>ソース ファイル\Polygone</Filter>
    </ClCompile>
    <ClCompile Include="Project\AllGameScene\GameManager\GameManager.cpp">
      <Filter>Project\Gamemanager</Filter>
    </ClCompile>
    <ClCompile Include="Ellysia\TextureManager\TextureManager.cpp">
      <Filter>ソース ファイル\TextureManager</Filter>
    </ClCompile>
    <ClCompile Include="Ellysia\Audio\Audio.cpp">
      <Filter>ソース ファイル\Audio</Filter>
    </ClCompile>
    <ClCompile Include="Ellysia\PipelineManager\PipelineManager.cpp">
      <Filter>ソース ファイル\Pipeline</Filter>
    </ClCompile>
    <ClCompile Include="Ellysia\ResourceObject\ResourceObject.cpp">
      <Filter>ヘッダー ファイル</Filter>
    </ClCompile>
    <ClCompile Include="Ellysia\DebugCamera\DebugCamera.cpp">
      <Filter>ソース ファイル\DebugCamera</Filter>
    </ClCompile>
    <ClCompile Include="Ellysia\ViewProjection\ViewProjection.cpp">
      <Filter>ヘッダー ファイル</Filter>
    </ClCompile>
    <ClCompile Include="Ellysia\WorldTransform\WorldTransform.cpp">
      <Filter>ヘッダー ファイル</Filter>
    </ClCompile>
    <ClCompile Include="Project\AllGameScene\SampleScene\SampleScene.cpp">
      <Filter>Project\Scene\Sample</Filter>
    </ClCompile>
  </ItemGroup>
  <ItemGroup>
    <FxCompile Include="Object3d.PS.hlsl">
      <Filter>リソース ファイル</Filter>
    </FxCompile>
    <FxCompile Include="Object3d.VS.hlsl">
      <Filter>リソース ファイル</Filter>
    </FxCompile>
    <FxCompile Include="Resources\Shader\Object2d.PS.hlsl">
      <Filter>リソース ファイル</Filter>
    </FxCompile>
    <FxCompile Include="Resources\Shader\Object2d.VS.hlsl">
      <Filter>リソース ファイル</Filter>
    </FxCompile>
  </ItemGroup>
  <ItemGroup>
    <ClInclude Include="Ellysia\externals\imGui\imconfig.h">
      <Filter>imgui</Filter>
    </ClInclude>
    <ClInclude Include="Ellysia\externals\imGui\imgui.h">
      <Filter>imgui</Filter>
    </ClInclude>
    <ClInclude Include="Ellysia\externals\imGui\imgui_impl_dx12.h">
      <Filter>imgui</Filter>
    </ClInclude>
    <ClInclude Include="Ellysia\externals\imGui\imgui_impl_win32.h">
      <Filter>imgui</Filter>
    </ClInclude>
    <ClInclude Include="Ellysia\externals\imGui\imgui_internal.h">
      <Filter>imgui</Filter>
    </ClInclude>
    <ClInclude Include="Ellysia\externals\imGui\imstb_rectpack.h">
      <Filter>imgui</Filter>
    </ClInclude>
    <ClInclude Include="Ellysia\externals\imGui\imstb_textedit.h">
      <Filter>imgui</Filter>
    </ClInclude>
    <ClInclude Include="Ellysia\externals\imGui\imstb_truetype.h">
      <Filter>imgui</Filter>
    </ClInclude>
    <ClInclude Include="Ellysia\Math\Vector\Vector3.h">
      <Filter>ヘッダー ファイル\Math\Vector</Filter>
    </ClInclude>
    <ClInclude Include="Ellysia\Math\Vector\Vector4.h">
      <Filter>ヘッダー ファイル\Math\Vector</Filter>
    </ClInclude>
    <ClInclude Include="Ellysia\Math\Matrix\Matrix\Matrix3x3.h">
      <Filter>ヘッダー ファイル\Math\Matrix</Filter>
    </ClInclude>
    <ClInclude Include="Ellysia\Math\Matrix\Matrix\Matrix4x4.h">
      <Filter>ヘッダー ファイル\Math\Matrix</Filter>
    </ClInclude>
    <ClInclude Include="Ellysia\Math\Matrix\Calculation\Matrix4x4Calculation.h">
      <Filter>ヘッダー ファイル\Math\Matrix</Filter>
    </ClInclude>
    <ClInclude Include="Ellysia\Math\Matrix\Matrix\WorldViewMatrix.h">
      <Filter>ヘッダー ファイル\Math\Matrix</Filter>
    </ClInclude>
    <ClInclude Include="Ellysia\ImGuiManager\ImGuiManager.h">
      <Filter>ヘッダー ファイル\ImGui</Filter>
    </ClInclude>
    <ClInclude Include="Ellysia\ConvertFunction\ConvertColor\ColorConvert.h">
      <Filter>ヘッダー ファイル\ConvertFunction</Filter>
    </ClInclude>
    <ClInclude Include="Ellysia\ConvertFunction\ConvertLog\LogConvert.h">
      <Filter>ヘッダー ファイル\ConvertFunction</Filter>
    </ClInclude>
    <ClInclude Include="Ellysia\Math\Vector\Transform.h">
      <Filter>ヘッダー ファイル\Math\Vector</Filter>
    </ClInclude>
    <ClInclude Include="Ellysia\Math\Vector\SphereStruct.h">
      <Filter>ヘッダー ファイル\Math\Vector</Filter>
    </ClInclude>
    <ClInclude Include="Ellysia\Math\Vector\Calculation\VectorCalculation.h">
      <Filter>ヘッダー ファイル\Math\Vector</Filter>
    </ClInclude>
    <ClInclude Include="Ellysia\Polygon\Sprite\Sprite.h">
      <Filter>ヘッダー ファイル\Polygone</Filter>
    </ClInclude>
    <ClInclude Include="Ellysia\Polygon\Triangle\Triangle.h">
      <Filter>ヘッダー ファイル\Polygone</Filter>
    </ClInclude>
    <ClInclude Include="Ellysia\Math\Vector\Vector2.h">
      <Filter>ヘッダー ファイル\Math\Vector</Filter>
    </ClInclude>
    <ClInclude Include="Ellysia\Polygon\Sphere\Sphere.h">
      <Filter>ヘッダー ファイル\Polygone</Filter>
    </ClInclude>
    <ClInclude Include="Ellysia\Math\Vector\VertexData.h">
      <Filter>ヘッダー ファイル\Math\Vector</Filter>
    </ClInclude>
    <ClInclude Include="Ellysia\Math\Vector\Material.h">
      <Filter>ヘッダー ファイル\Math\Vector</Filter>
    </ClInclude>
    <ClInclude Include="Ellysia\Math\Matrix\Matrix\TransformationMatrix.h">
      <Filter>ヘッダー ファイル\Math\Matrix</Filter>
    </ClInclude>
    <ClInclude Include="Ellysia\Math\Vector\DirectionalLight.h">
      <Filter>ヘッダー ファイル\Math\Vector</Filter>
    </ClInclude>
    <ClInclude Include="Ellysia\Common\DirectX\DirectXSetup.h">
      <Filter>ヘッダー ファイル\Common</Filter>
    </ClInclude>
    <ClInclude Include="Ellysia\Common\Windows\WinApp.h">
      <Filter>ヘッダー ファイル\Common</Filter>
    </ClInclude>
    <ClInclude Include="Ellysia\ConvertFunction\CompileShader\CompileShaderManager.h">
      <Filter>ヘッダー ファイル\ConvertFunction</Filter>
    </ClInclude>
    <ClInclude Include="Ellysia\Input\Input.h">
      <Filter>ヘッダー ファイル\Input</Filter>
    </ClInclude>
    <ClInclude Include="Ellysia\Input\Mouse\MouseInformation.h">
      <Filter>ヘッダー ファイル\Input</Filter>
    </ClInclude>
    <ClInclude Include="Ellysia\Math\Vector\SpritePosition.h">
      <Filter>ヘッダー ファイル\Math\Vector</Filter>
    </ClInclude>
    <ClInclude Include="Ellysia\Audio\ChunkHeader\ChunkHeader.h">
      <Filter>ヘッダー ファイル\Audio</Filter>
    </ClInclude>
    <ClInclude Include="Ellysia\Audio\FormatChunk\FormatChunk.h">
      <Filter>ヘッダー ファイル\Audio</Filter>
    </ClInclude>
    <ClInclude Include="Ellysia\Audio\RiffHeader\RiffHeader.h">
      <Filter>ヘッダー ファイル\Audio</Filter>
    </ClInclude>
    <ClInclude Include="Ellysia\Audio\SoundData\SoundData.h">
      <Filter>ヘッダー ファイル\Audio</Filter>
    </ClInclude>
    <ClInclude Include="Ellysia\Polygon\Model\Model.h">
      <Filter>ヘッダー ファイル\Polygone\Model</Filter>
    </ClInclude>
    <ClInclude Include="Ellysia\TextureManager\MaterialData\MaterialData.h">
      <Filter>ヘッダー ファイル\Polygone\Model</Filter>
    </ClInclude>
    <ClInclude Include="Ellysia\TextureManager\ModelData\ModelData.h">
      <Filter>ヘッダー ファイル\Polygone\Model</Filter>
    </ClInclude>
    <ClInclude Include="Ellysia\PipelineManager\PipelineManager.h">
      <Filter>ヘッダー ファイル\Pipeline</Filter>
    </ClInclude>
    <ClInclude Include="Ellysia\Blend\BlendMode.h">
      <Filter>ヘッダー ファイル\Blend</Filter>
    </ClInclude>
    <ClInclude Include="Ellysia\Audio\Audio.h">
      <Filter>ヘッダー ファイル\Audio</Filter>
    </ClInclude>
    <ClInclude Include="Ellysia\TextureManager\TextureManager.h">
      <Filter>ヘッダー ファイル\TextureManager</Filter>
    </ClInclude>
    <ClInclude Include="Ellysia\ResourceObject\ResourceObject.h">
      <Filter>ヘッダー ファイル</Filter>
    </ClInclude>
    <ClInclude Include="Ellysia\Camera\Camera.h">
      <Filter>ヘッダー ファイル</Filter>
    </ClInclude>
    <ClInclude Include="Ellysia\DebugCamera\DebugCamera.h">
      <Filter>ソース ファイル\DebugCamera</Filter>
    </ClInclude>
    <ClInclude Include="Ellysia\ViewProjection\ViewProjection.h">
      <Filter>ヘッダー ファイル</Filter>
    </ClInclude>
    <ClInclude Include="Ellysia\WorldTransform\WorldTransform.h">
      <Filter>ヘッダー ファイル</Filter>
    </ClInclude>
    <ClInclude Include="Project\AllGameScene\GameManager\GameManager.h">
      <Filter>Project\Gamemanager</Filter>
    </ClInclude>
    <ClInclude Include="Project\AllGameScene\GameManager\IGameScene.h">
      <Filter>Project\Gamemanager</Filter>
    </ClInclude>
    <ClInclude Include="Project\AllGameScene\SampleScene\SampleScene.h">
      <Filter>Project\Scene\Sample</Filter>
    </ClInclude>
  </ItemGroup>
  <ItemGroup>
    <Text Include="Ellysia\externals\imGui\LICENSE.txt">
      <Filter>imgui</Filter>
    </Text>
  </ItemGroup>
  <ItemGroup>
    <None Include="Object3d.hlsli">
      <Filter>リソース ファイル</Filter>
    </None>
    <None Include="Resources\Shader\Object2d.hlsli">
      <Filter>リソース ファイル</Filter>
    </None>
  </ItemGroup>
</Project>