<?xml version="1.0" encoding="utf-8"?>
<Project ToolsVersion="4.0" xmlns="http://schemas.microsoft.com/developer/msbuild/2003">
  <ItemGroup>
    <FxCompile Include="Resources\Shader\Object2d.PS.hlsl">
      <Filter>Resource</Filter>
    </FxCompile>
    <FxCompile Include="Resources\Shader\Object2d.VS.hlsl">
      <Filter>Resource</Filter>
    </FxCompile>
    <FxCompile Include="Object3d.PS.hlsl">
      <Filter>Resource</Filter>
    </FxCompile>
    <FxCompile Include="Object3d.VS.hlsl">
      <Filter>Resource</Filter>
    </FxCompile>
  </ItemGroup>
  <ItemGroup>
    <ClCompile Include="Ellysia\Audio\Audio.cpp">
      <Filter>Ellysia\Audio</Filter>
    </ClCompile>
    <ClCompile Include="Ellysia\Camera\Camera.cpp">
      <Filter>Ellysia\Camera</Filter>
    </ClCompile>
    <ClCompile Include="Ellysia\DebugCamera\DebugCamera.cpp">
      <Filter>Ellysia\Camera</Filter>
    </ClCompile>
    <ClCompile Include="Ellysia\ConvertFunction\ConvertColor\ColorConvert.cpp">
      <Filter>Ellysia\Convert</Filter>
    </ClCompile>
    <ClCompile Include="Ellysia\ConvertFunction\CompileShader\CompileShaderManager.cpp">
      <Filter>Ellysia\CompileShaderManager</Filter>
    </ClCompile>
    <ClCompile Include="Ellysia\Common\DirectX\DirectXSetup.cpp">
      <Filter>Ellysia\Common</Filter>
    </ClCompile>
    <ClCompile Include="Project\AllGameScene\GameManager\GameManager.cpp">
      <Filter>GameManager</Filter>
    </ClCompile>
    <ClCompile Include="Project\AllGameScene\Game\GameScene.cpp">
      <Filter>GameManager\Scene\Game</Filter>
    </ClCompile>
    <ClCompile Include="Ellysia\externals\imGui\imgui.cpp">
      <Filter>ImGui</Filter>
    </ClCompile>
    <ClCompile Include="Ellysia\externals\imGui\imgui_demo.cpp">
      <Filter>ImGui</Filter>
    </ClCompile>
    <ClCompile Include="Ellysia\externals\imGui\imgui_draw.cpp">
      <Filter>ImGui</Filter>
    </ClCompile>
    <ClCompile Include="Ellysia\externals\imGui\imgui_impl_dx12.cpp">
      <Filter>ImGui</Filter>
    </ClCompile>
    <ClCompile Include="Ellysia\externals\imGui\imgui_impl_win32.cpp">
      <Filter>ImGui</Filter>
    </ClCompile>
    <ClCompile Include="Ellysia\externals\imGui\imgui_tables.cpp">
      <Filter>ImGui</Filter>
    </ClCompile>
    <ClCompile Include="Ellysia\externals\imGui\imgui_widgets.cpp">
      <Filter>ImGui</Filter>
    </ClCompile>
    <ClCompile Include="Ellysia\ImGuiManager\ImGuiManager.cpp">
      <Filter>ImGui\Manager</Filter>
    </ClCompile>
    <ClCompile Include="Ellysia\Input\Input.cpp">
      <Filter>Ellysia\Input</Filter>
    </ClCompile>
    <ClCompile Include="Project\CollisionManager\CollisionManager.cpp">
      <Filter>Object\CollisionManager</Filter>
    </ClCompile>
    <ClCompile Include="Project\Object\Corn\Corn.cpp">
      <Filter>Object\Stage\Corn</Filter>
    </ClCompile>
    <ClCompile Include="Ellysia\ConvertFunction\ConvertLog\LogConvert.cpp">
      <Filter>Ellysia\Convert</Filter>
    </ClCompile>
    <ClCompile Include="Project\Object\Enemy\Enemy.cpp">
      <Filter>Object\Enemy</Filter>
    </ClCompile>
    <ClCompile Include="Project\Object\Lamp\Lamp.cpp">
      <Filter>Object\Stage\Lamp</Filter>
    </ClCompile>
    <ClCompile Include="Ellysia\Polygon\Model\Model.cpp">
      <Filter>Ellysia\Polygone\Model</Filter>
    </ClCompile>
    <ClCompile Include="Ellysia\Polygon\Model\Mesh\Mesh.cpp">
      <Filter>Ellysia\Polygone\Model\Mesh</Filter>
    </ClCompile>
    <ClCompile Include="Ellysia\Polygon\Model\DirectionalLight\CreateDirectionalLight.cpp">
      <Filter>Ellysia\Polygone\Model\Light</Filter>
    </ClCompile>
    <ClCompile Include="Ellysia\Polygon\Model\Material\CreateMaterial.cpp">
      <Filter>Ellysia\Polygone\Model\Material</Filter>
    </ClCompile>
    <ClCompile Include="Ellysia\PipelineManager\PipelineManager.cpp">
      <Filter>Ellysia\PipelineManager</Filter>
    </ClCompile>
    <ClCompile Include="Project\AllGameScene\Result\Lose\LoseScene.cpp">
      <Filter>GameManager\Scene\Lose</Filter>
    </ClCompile>
    <ClCompile Include="Project\AllGameScene\Result\ResultScene.cpp">
      <Filter>GameManager\Scene\Result</Filter>
    </ClCompile>
    <ClCompile Include="main.cpp" />
    <ClCompile Include="Ellysia\TextureManager\TextureManager.cpp">
      <Filter>Ellysia\TextureManager</Filter>
    </ClCompile>
    <ClCompile Include="Ellysia\Polygon\Sprite\Sprite.cpp">
      <Filter>Ellysia\Polygone\Sprite</Filter>
    </ClCompile>
    <ClCompile Include="Ellysia\Polygon\Model\Transformation\Transformation.cpp">
      <Filter>Ellysia\Polygone\Model</Filter>
    </ClCompile>
    <ClCompile Include="Ellysia\Polygon\Triangle\Triangle.cpp">
      <Filter>Ellysia\Polygone\Model</Filter>
    </ClCompile>
    <ClCompile Include="Ellysia\Math\Matrix\Calculation\Matrix4x4Calculation.cpp">
      <Filter>Math\Matrix</Filter>
    </ClCompile>
    <ClCompile Include="Ellysia\Common\Windows\WinApp.cpp">
      <Filter>Ellysia\Common</Filter>
    </ClCompile>
    <ClCompile Include="Ellysia\Math\Vector\Calculation\VectorCalculation.cpp">
      <Filter>Math\Vector</Filter>
    </ClCompile>
    <ClCompile Include="Ellysia\ViewProjection\ViewProjection.cpp">
      <Filter>Math</Filter>
    </ClCompile>
    <ClCompile Include="Ellysia\WorldTransform\WorldTransform.cpp">
      <Filter>Math</Filter>
    </ClCompile>
    <ClCompile Include="Project\Object\Oven\Oven.cpp">
      <Filter>Object\Stage\Oven</Filter>
    </ClCompile>
    <ClCompile Include="Project\Object\Player\Player.cpp">
      <Filter>Object\Player</Filter>
    </ClCompile>
    <ClCompile Include="Project\Object\Popcorn\Popcorn.cpp">
      <Filter>Object\Popcorn</Filter>
    </ClCompile>
    <ClCompile Include="Project\Object\SamplePlayer\SamplePlayer.cpp">
      <Filter>Object\SamplePlayer</Filter>
    </ClCompile>
    <ClCompile Include="Project\Object\CountDown\CountDown.cpp">
      <Filter>Object\CountDown</Filter>
    </ClCompile>
    <ClCompile Include="Project\Object\Score\Score.cpp">
      <Filter>Object\Score</Filter>
    </ClCompile>
    <ClCompile Include="Project\AllGameScene\Result\Win\WinScene.cpp">
      <Filter>GameManager\Scene\Win</Filter>
    </ClCompile>
    <ClCompile Include="Project\AllGameScene\Title\TitleScene.cpp">
      <Filter>GameManager\Scene\Title</Filter>
    </ClCompile>
    <ClCompile Include="Project\AllGameScene\SampleScene\SampleScene.cpp">
      <Filter>GameManager\Scene\Sample</Filter>
    </ClCompile>
    <ClCompile Include="Project\AllGameScene\Select\SelectScene.cpp">
      <Filter>GameManager\Scene\Select</Filter>
    </ClCompile>
    <ClCompile Include="Project\AllGameScene\Game\Play\PlayScene.cpp">
      <Filter>GameManager\Scene\Game\Play</Filter>
    </ClCompile>
    <ClCompile Include="Project\AllGameScene\Game\Ready\ReadyScene.cpp">
      <Filter>GameManager\Scene\Game\Ready</Filter>
    </ClCompile>
  </ItemGroup>
  <ItemGroup>
    <ClInclude Include="Ellysia\Audio\Audio.h">
      <Filter>Ellysia\Audio</Filter>
    </ClInclude>
    <ClInclude Include="Ellysia\Audio\ChunkHeader\ChunkHeader.h">
      <Filter>Ellysia\Audio</Filter>
    </ClInclude>
    <ClInclude Include="Ellysia\Camera\Camera.h">
      <Filter>Ellysia\Camera</Filter>
    </ClInclude>
    <ClInclude Include="Ellysia\Blend\BlendMode.h">
      <Filter>Ellysia\Blend</Filter>
    </ClInclude>
    <ClInclude Include="Ellysia\DebugCamera\DebugCamera.h">
      <Filter>Ellysia\Camera</Filter>
    </ClInclude>
    <ClInclude Include="Ellysia\ConvertFunction\ConvertColor\ColorConvert.h">
      <Filter>Ellysia\Convert</Filter>
    </ClInclude>
    <ClInclude Include="Ellysia\ConvertFunction\CompileShader\CompileShaderManager.h">
      <Filter>Ellysia\CompileShaderManager</Filter>
    </ClInclude>
    <ClInclude Include="Ellysia\Common\DirectX\DirectXSetup.h">
      <Filter>Ellysia\Common</Filter>
    </ClInclude>
    <ClInclude Include="Ellysia\Audio\FormatChunk\FormatChunk.h">
      <Filter>Ellysia\Audio</Filter>
    </ClInclude>
    <ClInclude Include="Project\AllGameScene\GameManager\GameManager.h">
      <Filter>GameManager</Filter>
    </ClInclude>
    <ClInclude Include="Project\AllGameScene\Game\GameScene.h">
      <Filter>GameManager\Scene\Game</Filter>
    </ClInclude>
    <ClInclude Include="Ellysia\externals\imGui\imconfig.h">
      <Filter>ImGui</Filter>
    </ClInclude>
    <ClInclude Include="Ellysia\externals\imGui\imgui.h">
      <Filter>ImGui</Filter>
    </ClInclude>
    <ClInclude Include="Ellysia\externals\imGui\imgui_impl_dx12.h">
      <Filter>ImGui</Filter>
    </ClInclude>
    <ClInclude Include="Ellysia\externals\imGui\imgui_impl_win32.h">
      <Filter>ImGui</Filter>
    </ClInclude>
    <ClInclude Include="Ellysia\externals\imGui\imgui_internal.h">
      <Filter>ImGui</Filter>
    </ClInclude>
    <ClInclude Include="Ellysia\ImGuiManager\ImGuiManager.h">
      <Filter>ImGui\Manager</Filter>
    </ClInclude>
    <ClInclude Include="Ellysia\externals\imGui\imstb_rectpack.h">
      <Filter>ImGui</Filter>
    </ClInclude>
    <ClInclude Include="Ellysia\externals\imGui\imstb_textedit.h">
      <Filter>ImGui</Filter>
    </ClInclude>
    <ClInclude Include="Ellysia\externals\imGui\imstb_truetype.h">
      <Filter>ImGui</Filter>
    </ClInclude>
    <ClInclude Include="Ellysia\Input\Input.h">
      <Filter>Ellysia\Input</Filter>
    </ClInclude>
    <ClInclude Include="Project\CollisionManager\CollisionManager.h">
      <Filter>Object\CollisionManager</Filter>
    </ClInclude>
    <ClInclude Include="Project\Object\Corn\Corn.h">
      <Filter>Object\Stage\Corn</Filter>
    </ClInclude>
    <ClInclude Include="Ellysia\ConvertFunction\ConvertLog\LogConvert.h">
      <Filter>Ellysia\Convert</Filter>
    </ClInclude>
    <ClInclude Include="Project\Object\Enemy\Enemy.h">
      <Filter>Object\Enemy</Filter>
    </ClInclude>
    <ClInclude Include="Project\Object\Lamp\Lamp.h">
      <Filter>Object\Stage\Lamp</Filter>
    </ClInclude>
    <ClInclude Include="Ellysia\Polygon\Model\Model.h">
      <Filter>Ellysia\Polygone\Model</Filter>
    </ClInclude>
    <ClInclude Include="Ellysia\Polygon\Model\Mesh\Mesh.h">
      <Filter>Ellysia\Polygone\Model\Mesh</Filter>
    </ClInclude>
    <ClInclude Include="Ellysia\Polygon\Model\DirectionalLight\CreateDirectionalLight.h">
      <Filter>Ellysia\Polygone\Model\Light</Filter>
    </ClInclude>
    <ClInclude Include="Ellysia\Polygon\Model\Material\CreateMaterial.h">
      <Filter>Ellysia\Polygone\Model\Material</Filter>
    </ClInclude>
    <ClInclude Include="Ellysia\Math\Vector\DirectionalLight.h">
      <Filter>Ellysia\Polygone\Model\Light</Filter>
    </ClInclude>
    <ClInclude Include="Ellysia\Math\Vector\Material.h">
      <Filter>Ellysia\Polygone\Model\Material</Filter>
    </ClInclude>
    <ClInclude Include="Ellysia\Input\Mouse\MouseInformation.h">
      <Filter>Ellysia\Input</Filter>
    </ClInclude>
    <ClInclude Include="Ellysia\PipelineManager\PipelineManager.h">
      <Filter>Ellysia\PipelineManager</Filter>
    </ClInclude>
    <ClInclude Include="Project\AllGameScene\Result\Lose\LoseScene.h">
      <Filter>GameManager\Scene\Lose</Filter>
    </ClInclude>
    <ClInclude Include="Ellysia\Audio\RiffHeader\RiffHeader.h">
      <Filter>Ellysia\Audio</Filter>
    </ClInclude>
    <ClInclude Include="Project\AllGameScene\Result\ResultScene.h">
      <Filter>GameManager\Scene\Result</Filter>
    </ClInclude>
    <ClInclude Include="Ellysia\Math\Vector\SphereStruct.h">
      <Filter>Ellysia</Filter>
    </ClInclude>
    <ClInclude Include="Ellysia\Audio\SoundData\SoundData.h">
      <Filter>Ellysia\Audio</Filter>
    </ClInclude>
    <ClInclude Include="Ellysia\TextureManager\TextureManager.h">
      <Filter>Ellysia\TextureManager</Filter>
    </ClInclude>
    <ClInclude Include="Ellysia\Polygon\Sprite\Sprite.h">
      <Filter>Ellysia\Polygone\Sprite</Filter>
    </ClInclude>
    <ClInclude Include="Ellysia\Polygon\Model\Transformation\Transformation.h">
      <Filter>Ellysia\Polygone\Model</Filter>
    </ClInclude>
    <ClInclude Include="Ellysia\Polygon\Triangle\Triangle.h">
      <Filter>Ellysia\Polygone\Model</Filter>
    </ClInclude>
    <ClInclude Include="Ellysia\Math\Vector\VertexData.h">
      <Filter>Math</Filter>
    </ClInclude>
    <ClInclude Include="Ellysia\Math\Matrix\Matrix\Matrix3x3.h">
      <Filter>Math\Matrix</Filter>
    </ClInclude>
    <ClInclude Include="Ellysia\Math\Matrix\Calculation\Matrix4x4Calculation.h">
      <Filter>Math\Matrix</Filter>
    </ClInclude>
    <ClInclude Include="Ellysia\Math\Vector\Vector2.h">
      <Filter>Math\Vector</Filter>
    </ClInclude>
    <ClInclude Include="Ellysia\Math\Vector\Vector3.h">
      <Filter>Math\Vector</Filter>
    </ClInclude>
    <ClInclude Include="Ellysia\Polygon\Model\ModelData\ModelData.h">
      <Filter>Ellysia\Polygone\Model</Filter>
    </ClInclude>
    <ClInclude Include="Ellysia\Math\Matrix\Matrix\Matrix4x4.h">
      <Filter>Math\Matrix</Filter>
    </ClInclude>
    <ClInclude Include="Ellysia\Polygon\Model\MaterialData\MaterialData.h">
      <Filter>Ellysia\Polygone\Model</Filter>
    </ClInclude>
    <ClInclude Include="Ellysia\Common\Windows\WinApp.h">
      <Filter>Ellysia\Common</Filter>
    </ClInclude>
    <ClInclude Include="Ellysia\WorldTransform\WorldTransform.h">
      <Filter>Math\Matrix</Filter>
    </ClInclude>
    <ClInclude Include="Ellysia\Math\Vector\Vector4.h">
      <Filter>Math\Vector</Filter>
    </ClInclude>
    <ClInclude Include="Ellysia\Math\Vector\Calculation\VectorCalculation.h">
      <Filter>Math\Vector</Filter>
    </ClInclude>
    <ClInclude Include="Ellysia\Math\Vector\Transform.h">
      <Filter>Math\Vector</Filter>
    </ClInclude>
    <ClInclude Include="Ellysia\Math\Matrix\Matrix\TransformationMatrix.h">
      <Filter>Math\Matrix</Filter>
    </ClInclude>
    <ClInclude Include="Ellysia\ViewProjection\ViewProjection.h">
      <Filter>Math</Filter>
    </ClInclude>
    <ClInclude Include="Ellysia\Math\Matrix\Matrix\WorldViewMatrix.h">
      <Filter>Math</Filter>
    </ClInclude>
    <ClInclude Include="Project\Object\Oven\Oven.h">
      <Filter>Object\Stage\Oven</Filter>
    </ClInclude>
    <ClInclude Include="Project\Object\Player\Player.h">
      <Filter>Object\Player</Filter>
    </ClInclude>
    <ClInclude Include="Project\Object\Popcorn\Popcorn.h">
      <Filter>Object\Popcorn</Filter>
    </ClInclude>
    <ClInclude Include="Project\Object\SamplePlayer\SamplePlayer.h">
      <Filter>Object\SamplePlayer</Filter>
    </ClInclude>
    <ClInclude Include="Project\Object\CountDown\CountDown.h">
      <Filter>Object\CountDown</Filter>
    </ClInclude>
    <ClInclude Include="Project\Object\Score\Score.h">
      <Filter>Object\Score</Filter>
    </ClInclude>
    <ClInclude Include="Project\AllGameScene\Result\Win\WinScene.h">
      <Filter>GameManager\Scene\Win</Filter>
    </ClInclude>
    <ClInclude Include="Project\AllGameScene\Title\TitleScene.h">
      <Filter>GameManager\Scene\Title</Filter>
    </ClInclude>
    <ClInclude Include="Project\AllGameScene\SampleScene\SampleScene.h">
      <Filter>GameManager\Scene\Sample</Filter>
    </ClInclude>
    <ClInclude Include="Project\AllGameScene\Select\SelectScene.h">
      <Filter>GameManager\Scene\Select</Filter>
    </ClInclude>
    <ClInclude Include="Project\AllGameScene\GameManager\IGameScene.h">
      <Filter>GameManager\Scene\Interface</Filter>
    </ClInclude>
    <ClInclude Include="Project\AllGameScene\GameManager\IGamePlayScene.h">
      <Filter>GameManager\Scene\Interface</Filter>
    </ClInclude>
    <ClInclude Include="Project\AllGameScene\Game\Play\PlayScene.h">
      <Filter>GameManager\Scene\Game\Play</Filter>
    </ClInclude>
    <ClInclude Include="Project\AllGameScene\Game\Ready\ReadyScene.h">
      <Filter>GameManager\Scene\Game\Ready</Filter>
    </ClInclude>
  </ItemGroup>
  <ItemGroup>
    <None Include="Resources\Shader\Object2d.hlsli">
      <Filter>Resource</Filter>
    </None>
    <None Include="Object3d.hlsli">
      <Filter>Resource</Filter>
    </None>
  </ItemGroup>
  <ItemGroup>
    <Filter Include="Object">
      <UniqueIdentifier>{9e7896dc-8cab-449c-8a38-db7a1fbd2c7f}</UniqueIdentifier>
    </Filter>
    <Filter Include="Ellysia">
      <UniqueIdentifier>{5157da20-1672-455f-8a6b-f448db1bac6f}</UniqueIdentifier>
    </Filter>
    <Filter Include="Ellysia\Common">
      <UniqueIdentifier>{e18f4e02-4235-4df4-ab95-d7b3d8a64a93}</UniqueIdentifier>
    </Filter>
    <Filter Include="Ellysia\CompileShaderManager">
      <UniqueIdentifier>{43896a10-8b55-4945-bbc8-e39cf2d2ea48}</UniqueIdentifier>
    </Filter>
    <Filter Include="Ellysia\Convert">
      <UniqueIdentifier>{d37a8ff6-2437-405e-9994-00338c6da61f}</UniqueIdentifier>
    </Filter>
    <Filter Include="Ellysia\Blend">
      <UniqueIdentifier>{8d9a935f-f466-4d3e-9493-8e3aaaf82132}</UniqueIdentifier>
    </Filter>
    <Filter Include="Ellysia\Camera">
      <UniqueIdentifier>{44869c95-4a1f-4ff3-9ba2-faef7b784977}</UniqueIdentifier>
    </Filter>
    <Filter Include="Ellysia\Audio">
      <UniqueIdentifier>{c02341d7-1a69-42aa-9bb1-f790aa0870c1}</UniqueIdentifier>
    </Filter>
    <Filter Include="GameManager">
      <UniqueIdentifier>{64392f88-cf23-4d5e-b975-8fc962ea6bd3}</UniqueIdentifier>
    </Filter>
    <Filter Include="GameManager\Scene">
      <UniqueIdentifier>{df603c16-439e-47a2-9c2c-4a8e3cd34ac0}</UniqueIdentifier>
    </Filter>
    <Filter Include="GameManager\Scene\Game">
      <UniqueIdentifier>{9d11e977-b399-4e4d-a64b-17d74e344f49}</UniqueIdentifier>
    </Filter>
    <Filter Include="ImGui">
      <UniqueIdentifier>{9905aeaf-2a8a-46ac-beab-fa38f5065526}</UniqueIdentifier>
    </Filter>
    <Filter Include="ImGui\Manager">
      <UniqueIdentifier>{83c5af71-3a01-494a-b3b9-87719540d6bf}</UniqueIdentifier>
    </Filter>
    <Filter Include="Ellysia\Input">
      <UniqueIdentifier>{dad4a726-03ff-423a-8782-bd2340b32279}</UniqueIdentifier>
    </Filter>
    <Filter Include="Object\CollisionManager">
      <UniqueIdentifier>{a5f6cfd9-efa4-480c-82c3-486126ff0add}</UniqueIdentifier>
    </Filter>
    <Filter Include="Object\Enemy">
      <UniqueIdentifier>{b872413e-dcc8-4e27-b96e-761ac6738d69}</UniqueIdentifier>
    </Filter>
    <Filter Include="Math">
      <UniqueIdentifier>{30a29118-9e36-4c45-87b4-f85e67becb88}</UniqueIdentifier>
    </Filter>
    <Filter Include="Resource">
      <UniqueIdentifier>{b49ec430-be3a-43fc-b30e-7ac5d0d08306}</UniqueIdentifier>
    </Filter>
    <Filter Include="Ellysia\PipelineManager">
      <UniqueIdentifier>{78d35fae-67b7-44be-83c8-605fe8bcbd13}</UniqueIdentifier>
    </Filter>
    <Filter Include="GameManager\Scene\Lose">
      <UniqueIdentifier>{f84c0e9a-77f1-4101-9a4f-505e568830bb}</UniqueIdentifier>
    </Filter>
    <Filter Include="GameManager\Scene\Result">
      <UniqueIdentifier>{62fa34f1-2147-4191-a5de-84f6470a7e63}</UniqueIdentifier>
    </Filter>
    <Filter Include="Ellysia\Polygone">
      <UniqueIdentifier>{1e0b5a4b-7e05-4260-bb91-f583c5b07d1d}</UniqueIdentifier>
    </Filter>
    <Filter Include="Ellysia\Polygone\Model">
      <UniqueIdentifier>{a5ee49e0-8d8c-4544-b5e0-dbd39ecf76cb}</UniqueIdentifier>
    </Filter>
    <Filter Include="Ellysia\Polygone\Model\Mesh">
      <UniqueIdentifier>{c7b6097f-f77a-4465-87c4-2de7bff23596}</UniqueIdentifier>
    </Filter>
    <Filter Include="Ellysia\Polygone\Model\Light">
      <UniqueIdentifier>{2017f8f7-5972-4e35-a97d-0b7df12a56ff}</UniqueIdentifier>
    </Filter>
    <Filter Include="Ellysia\Polygone\Model\Material">
      <UniqueIdentifier>{65d71514-0ce7-40c9-a515-2aa59b1a3cdc}</UniqueIdentifier>
    </Filter>
    <Filter Include="Ellysia\TextureManager">
      <UniqueIdentifier>{b1b6fe98-74b0-4075-9be2-8a1531b011f3}</UniqueIdentifier>
    </Filter>
    <Filter Include="Ellysia\Polygone\Sprite">
      <UniqueIdentifier>{ff36897f-5be8-4254-ab51-2275e495010a}</UniqueIdentifier>
    </Filter>
    <Filter Include="Math\Matrix">
      <UniqueIdentifier>{b0f8179a-9103-4c05-b69e-ba502fcbf6a7}</UniqueIdentifier>
    </Filter>
    <Filter Include="Math\Vector">
      <UniqueIdentifier>{6f50afcd-072e-4f63-a883-580815f01cca}</UniqueIdentifier>
    </Filter>
    <Filter Include="Object\Player">
      <UniqueIdentifier>{29007251-23ba-4e0c-83dc-6475302320e9}</UniqueIdentifier>
    </Filter>
    <Filter Include="Object\Popcorn">
      <UniqueIdentifier>{6634f24c-bd5c-4cf4-97e1-3c4b0adfd6f7}</UniqueIdentifier>
    </Filter>
    <Filter Include="Object\SamplePlayer">
      <UniqueIdentifier>{2abb7856-db44-4310-ba6e-e54abbbc64b7}</UniqueIdentifier>
    </Filter>
    <Filter Include="Object\CountDown">
      <UniqueIdentifier>{4be77b51-c5ba-43ea-b702-682300069b1e}</UniqueIdentifier>
    </Filter>
    <Filter Include="Object\Score">
      <UniqueIdentifier>{32029754-1c9d-4db2-a9cf-f1ff6495b736}</UniqueIdentifier>
    </Filter>
    <Filter Include="Object\Stage">
      <UniqueIdentifier>{17e807d8-50d5-4fdf-9736-a7b119753b1b}</UniqueIdentifier>
    </Filter>
    <Filter Include="Object\Stage\Corn">
      <UniqueIdentifier>{37579799-6d38-4354-bca6-1e15ed8fb26f}</UniqueIdentifier>
    </Filter>
    <Filter Include="Object\Stage\Oven">
      <UniqueIdentifier>{181c8a95-9c04-4efa-9935-2c68d1033f75}</UniqueIdentifier>
    </Filter>
    <Filter Include="Object\Stage\Lamp">
      <UniqueIdentifier>{5bdd3bc6-b005-4567-ad6a-c88fdcfe690c}</UniqueIdentifier>
    </Filter>
    <Filter Include="GameManager\Scene\Win">
      <UniqueIdentifier>{277b5f31-6d28-4e16-ade1-0019b5561d1e}</UniqueIdentifier>
    </Filter>
    <Filter Include="GameManager\Scene\Title">
      <UniqueIdentifier>{3987aa3b-d683-4661-98c6-50e2844ff21f}</UniqueIdentifier>
    </Filter>
    <Filter Include="GameManager\Scene\Sample">
      <UniqueIdentifier>{31137849-dc56-4635-932c-f0757a45d975}</UniqueIdentifier>
    </Filter>
    <Filter Include="GameManager\Scene\Select">
      <UniqueIdentifier>{947b4c0f-5f47-4524-9ef0-11338246a076}</UniqueIdentifier>
    </Filter>
    <Filter Include="GameManager\Scene\Interface">
      <UniqueIdentifier>{5b1dca75-3140-4653-a958-218284dd294b}</UniqueIdentifier>
    </Filter>
    <Filter Include="GameManager\Scene\Game\Play">
      <UniqueIdentifier>{22c5cd0a-2317-459f-9ff1-4455eea7a9bf}</UniqueIdentifier>
    </Filter>
    <Filter Include="GameManager\Scene\Game\Ready">
      <UniqueIdentifier>{fb97fd13-8f3f-4d19-99a5-3bbb695270c8}</UniqueIdentifier>
    </Filter>
  </ItemGroup>
  <ItemGroup>
    <Text Include="Ellysia\externals\imGui\LICENSE.txt">
      <Filter>ImGui</Filter>
    </Text>
  </ItemGroup>
</Project>